
Microsoft Visual Studio Solution File, Format Version 12.00
# Visual Studio Version 16
VisualStudioVersion = 16.0.31129.286
MinimumVisualStudioVersion = 10.0.40219.1
Project("{FAE04EC0-301F-11D3-BF4B-00C04F79EFBC}") = "RepairCompanyManagement.DataAccess", "src\RepairCompanyManagement.DataAccess\RepairCompanyManagement.DataAccess.csproj", "{92F8381C-92F1-456E-B6D2-58BEB96F2192}"
EndProject
Project("{FAE04EC0-301F-11D3-BF4B-00C04F79EFBC}") = "RepairCompanyManagement.BusinessLogic", "src\RepairCompanyManagement.BusinessLogic\RepairCompanyManagement.BusinessLogic.csproj", "{CD480113-0083-4397-BC69-2035F632EFCA}"
EndProject
Global
	GlobalSection(SolutionConfigurationPlatforms) = preSolution
		Debug|Any CPU = Debug|Any CPU
		Release|Any CPU = Release|Any CPU
	EndGlobalSection
	GlobalSection(ProjectConfigurationPlatforms) = postSolution
		{92F8381C-92F1-456E-B6D2-58BEB96F2192}.Debug|Any CPU.ActiveCfg = Debug|Any CPU
		{92F8381C-92F1-456E-B6D2-58BEB96F2192}.Debug|Any CPU.Build.0 = Debug|Any CPU
		{92F8381C-92F1-456E-B6D2-58BEB96F2192}.Release|Any CPU.ActiveCfg = Release|Any CPU
		{92F8381C-92F1-456E-B6D2-58BEB96F2192}.Release|Any CPU.Build.0 = Release|Any CPU
		{CD480113-0083-4397-BC69-2035F632EFCA}.Debug|Any CPU.ActiveCfg = Debug|Any CPU
		{CD480113-0083-4397-BC69-2035F632EFCA}.Debug|Any CPU.Build.0 = Debug|Any CPU
		{CD480113-0083-4397-BC69-2035F632EFCA}.Release|Any CPU.ActiveCfg = Release|Any CPU
		{CD480113-0083-4397-BC69-2035F632EFCA}.Release|Any CPU.Build.0 = Release|Any CPU
	EndGlobalSection
	GlobalSection(SolutionProperties) = preSolution
		HideSolutionNode = FALSE
	EndGlobalSection
	GlobalSection(ExtensibilityGlobals) = postSolution
		SolutionGuid = {B70383A0-D8F0-471C-B179-C5C9B3A130B8}
	EndGlobalSection
EndGlobal
