
Microsoft Visual Studio Solution File, Format Version 12.00
# Visual Studio Version 16
VisualStudioVersion = 16.0.31129.286
MinimumVisualStudioVersion = 10.0.40219.1
Project("{FAE04EC0-301F-11D3-BF4B-00C04F79EFBC}") = "RepairCompanyManagement.DataAccess", "src\RepairCompanyManagement.DataAccess\RepairCompanyManagement.DataAccess.csproj", "{92F8381C-92F1-456E-B6D2-58BEB96F2192}"
EndProject
Project("{FAE04EC0-301F-11D3-BF4B-00C04F79EFBC}") = "RepairCompanyManagement.BusinessLogic", "src\RepairCompanyManagement.BusinessLogic\RepairCompanyManagement.BusinessLogic.csproj", "{CD480113-0083-4397-BC69-2035F632EFCA}"
EndProject
Project("{FAE04EC0-301F-11D3-BF4B-00C04F79EFBC}") = "RepairCompanyManagement.WebUI", "src\RepairCompanyManagement.WebUI\RepairCompanyManagement.WebUI.csproj", "{B47DFD7B-18C9-49EC-ABBF-C74E6E2D8C1F}"
EndProject
Project("{00D1A9C2-B5F0-4AF3-8072-F6C62B433612}") = "RepairCompanyManagement.DataBase", "src\RepairCompanyManagement.DataBase\RepairCompanyManagement.DataBase.sqlproj", "{5C4F64D5-245D-4C25-85AD-BA22A63F163F}"
EndProject
Project("{FAE04EC0-301F-11D3-BF4B-00C04F79EFBC}") = "RepairCompanyManagment.Tests", "RepairCompanyManagment.Tests\RepairCompanyManagment.Tests.csproj", "{A7C63009-E8A8-4847-82E8-E1ACB15585CC}"
EndProject
Global
	GlobalSection(SolutionConfigurationPlatforms) = preSolution
		Debug|Any CPU = Debug|Any CPU
		Release|Any CPU = Release|Any CPU
	EndGlobalSection
	GlobalSection(ProjectConfigurationPlatforms) = postSolution
		{92F8381C-92F1-456E-B6D2-58BEB96F2192}.Debug|Any CPU.ActiveCfg = Debug|Any CPU
		{92F8381C-92F1-456E-B6D2-58BEB96F2192}.Debug|Any CPU.Build.0 = Debug|Any CPU
		{92F8381C-92F1-456E-B6D2-58BEB96F2192}.Release|Any CPU.ActiveCfg = Release|Any CPU
		{92F8381C-92F1-456E-B6D2-58BEB96F2192}.Release|Any CPU.Build.0 = Release|Any CPU
		{CD480113-0083-4397-BC69-2035F632EFCA}.Debug|Any CPU.ActiveCfg = Debug|Any CPU
		{CD480113-0083-4397-BC69-2035F632EFCA}.Debug|Any CPU.Build.0 = Debug|Any CPU
		{CD480113-0083-4397-BC69-2035F632EFCA}.Release|Any CPU.ActiveCfg = Release|Any CPU
		{CD480113-0083-4397-BC69-2035F632EFCA}.Release|Any CPU.Build.0 = Release|Any CPU
		{B47DFD7B-18C9-49EC-ABBF-C74E6E2D8C1F}.Debug|Any CPU.ActiveCfg = Debug|Any CPU
		{B47DFD7B-18C9-49EC-ABBF-C74E6E2D8C1F}.Debug|Any CPU.Build.0 = Debug|Any CPU
		{B47DFD7B-18C9-49EC-ABBF-C74E6E2D8C1F}.Release|Any CPU.ActiveCfg = Release|Any CPU
		{B47DFD7B-18C9-49EC-ABBF-C74E6E2D8C1F}.Release|Any CPU.Build.0 = Release|Any CPU
		{5C4F64D5-245D-4C25-85AD-BA22A63F163F}.Debug|Any CPU.ActiveCfg = Debug|Any CPU
		{5C4F64D5-245D-4C25-85AD-BA22A63F163F}.Debug|Any CPU.Build.0 = Debug|Any CPU
		{5C4F64D5-245D-4C25-85AD-BA22A63F163F}.Debug|Any CPU.Deploy.0 = Debug|Any CPU
		{5C4F64D5-245D-4C25-85AD-BA22A63F163F}.Release|Any CPU.ActiveCfg = Release|Any CPU
		{5C4F64D5-245D-4C25-85AD-BA22A63F163F}.Release|Any CPU.Build.0 = Release|Any CPU
		{5C4F64D5-245D-4C25-85AD-BA22A63F163F}.Release|Any CPU.Deploy.0 = Release|Any CPU
		{A7C63009-E8A8-4847-82E8-E1ACB15585CC}.Debug|Any CPU.ActiveCfg = Debug|Any CPU
		{A7C63009-E8A8-4847-82E8-E1ACB15585CC}.Debug|Any CPU.Build.0 = Debug|Any CPU
		{A7C63009-E8A8-4847-82E8-E1ACB15585CC}.Release|Any CPU.ActiveCfg = Release|Any CPU
		{A7C63009-E8A8-4847-82E8-E1ACB15585CC}.Release|Any CPU.Build.0 = Release|Any CPU
	EndGlobalSection
	GlobalSection(SolutionProperties) = preSolution
		HideSolutionNode = FALSE
	EndGlobalSection
	GlobalSection(ExtensibilityGlobals) = postSolution
		SolutionGuid = {B70383A0-D8F0-471C-B179-C5C9B3A130B8}
	EndGlobalSection
EndGlobal
